
Microsoft Visual Studio Solution File, Format Version 12.00
# Visual Studio Version 17
VisualStudioVersion = 17.7.34031.279
MinimumVisualStudioVersion = 10.0.40219.1
Project("{FAE04EC0-301F-11D3-BF4B-00C04F79EFBC}") = "API-PGD", "API-PGD\API-PGD.csproj", "{893552B1-BF61-47A3-A499-0B017BBF757C}"
EndProject
Global
	GlobalSection(SolutionConfigurationPlatforms) = preSolution
		Debug|Any CPU = Debug|Any CPU
		Release|Any CPU = Release|Any CPU
	EndGlobalSection
	GlobalSection(ProjectConfigurationPlatforms) = postSolution
		{893552B1-BF61-47A3-A499-0B017BBF757C}.Debug|Any CPU.ActiveCfg = Debug|Any CPU
		{893552B1-BF61-47A3-A499-0B017BBF757C}.Debug|Any CPU.Build.0 = Debug|Any CPU
		{893552B1-BF61-47A3-A499-0B017BBF757C}.Release|Any CPU.ActiveCfg = Release|Any CPU
		{893552B1-BF61-47A3-A499-0B017BBF757C}.Release|Any CPU.Build.0 = Release|Any CPU
	EndGlobalSection
	GlobalSection(SolutionProperties) = preSolution
		HideSolutionNode = FALSE
	EndGlobalSection
	GlobalSection(ExtensibilityGlobals) = postSolution
		SolutionGuid = {74B6612F-A038-4EFA-B734-C01B531FCF5A}
	EndGlobalSection
EndGlobal
